
Microsoft Visual Studio Solution File, Format Version 12.00
# Visual Studio Version 17
VisualStudioVersion = 17.4.33213.308
MinimumVisualStudioVersion = 10.0.40219.1
Project("{FAE04EC0-301F-11D3-BF4B-00C04F79EFBC}") = "web-api-versioning", "web-api-versioning\web-api-versioning.csproj", "{74912F71-8701-449F-8128-8BAC97B4CB90}"
EndProject
Global
	GlobalSection(SolutionConfigurationPlatforms) = preSolution
		Debug|Any CPU = Debug|Any CPU
		Release|Any CPU = Release|Any CPU
	EndGlobalSection
	GlobalSection(ProjectConfigurationPlatforms) = postSolution
		{74912F71-8701-449F-8128-8BAC97B4CB90}.Debug|Any CPU.ActiveCfg = Debug|Any CPU
		{74912F71-8701-449F-8128-8BAC97B4CB90}.Debug|Any CPU.Build.0 = Debug|Any CPU
		{74912F71-8701-449F-8128-8BAC97B4CB90}.Release|Any CPU.ActiveCfg = Release|Any CPU
		{74912F71-8701-449F-8128-8BAC97B4CB90}.Release|Any CPU.Build.0 = Release|Any CPU
	EndGlobalSection
	GlobalSection(SolutionProperties) = preSolution
		HideSolutionNode = FALSE
	EndGlobalSection
	GlobalSection(ExtensibilityGlobals) = postSolution
		SolutionGuid = {064B0533-0BE1-4F8D-A656-B003907E31E1}
	EndGlobalSection
EndGlobal
